# THIS IS AN AUTOGENERATED FILE. DO NOT EDIT THIS FILE DIRECTLY.
# yarn lockfile v1


mini-antui@^0.4.34:
  version "0.4.34"
  resolved "https://registry.yarnpkg.com/mini-antui/-/mini-antui-0.4.34.tgz#3d306867382d2eb04a4b21a53ca955077786d721"
  integrity sha512-ZiJJwUa8kso2OQqBtJsRhliueXa7L8a++sAAZeNCnJ8nQ+eWfONV/8uV3IDdMEJEZKVZZTYsrFZcXRIwRXLomQ==
